
Microsoft Visual Studio Solution File, Format Version 12.00
# Visual Studio Version 17
VisualStudioVersion = 17.14.36429.23 d17.14
MinimumVisualStudioVersion = 10.0.40219.1
Project("{2150E333-8FDC-42A3-9474-1A3956D46DE8}") = "Task0", "Task0", "{02EA681E-C7D8-13C7-8484-4AC65E1B71E8}"
EndProject
Project("{FAE04EC0-301F-11D3-BF4B-00C04F79EFBC}") = "Tyuiu.ZamyatinKP.Sprint1.Task0.V20", "Tyuiu.ZamyatinKP.Sprint1.Task0.V20\Tyuiu.ZamyatinKP.Sprint1.Task0.V20.csproj", "{C60FF2EE-8CB7-478D-A87F-2F685D8D84E6}"
EndProject
Project("{FAE04EC0-301F-11D3-BF4B-00C04F79EFBC}") = "Tyuiu.ZamyatinKP.Sprint1.Task0.V20.Test", "Tyuiu.ZamyatinKP.Sprint1.Task0.V20.Test\Tyuiu.ZamyatinKP.Sprint1.Task0.V20.Test.csproj", "{D97D6167-2049-401B-8F25-B251732A606B}"
EndProject
Project("{FAE04EC0-301F-11D3-BF4B-00C04F79EFBC}") = "Tyuiu.ZamyatinKP.Sprint1.Task0.V20.Lib", "Tyuiu.ZamyatinKP.Sprint1.Task0.V20.Lib\Tyuiu.ZamyatinKP.Sprint1.Task0.V20.Lib.csproj", "{5DE8DD42-CD77-48AF-86E9-593D9111459B}"
EndProject
Global
	GlobalSection(SolutionConfigurationPlatforms) = preSolution
		Debug|Any CPU = Debug|Any CPU
		Release|Any CPU = Release|Any CPU
	EndGlobalSection
	GlobalSection(ProjectConfigurationPlatforms) = postSolution
		{C60FF2EE-8CB7-478D-A87F-2F685D8D84E6}.Debug|Any CPU.ActiveCfg = Debug|Any CPU
		{C60FF2EE-8CB7-478D-A87F-2F685D8D84E6}.Debug|Any CPU.Build.0 = Debug|Any CPU
		{C60FF2EE-8CB7-478D-A87F-2F685D8D84E6}.Release|Any CPU.ActiveCfg = Release|Any CPU
		{C60FF2EE-8CB7-478D-A87F-2F685D8D84E6}.Release|Any CPU.Build.0 = Release|Any CPU
		{D97D6167-2049-401B-8F25-B251732A606B}.Debug|Any CPU.ActiveCfg = Debug|Any CPU
		{D97D6167-2049-401B-8F25-B251732A606B}.Debug|Any CPU.Build.0 = Debug|Any CPU
		{D97D6167-2049-401B-8F25-B251732A606B}.Release|Any CPU.ActiveCfg = Release|Any CPU
		{D97D6167-2049-401B-8F25-B251732A606B}.Release|Any CPU.Build.0 = Release|Any CPU
		{5DE8DD42-CD77-48AF-86E9-593D9111459B}.Debug|Any CPU.ActiveCfg = Debug|Any CPU
		{5DE8DD42-CD77-48AF-86E9-593D9111459B}.Debug|Any CPU.Build.0 = Debug|Any CPU
		{5DE8DD42-CD77-48AF-86E9-593D9111459B}.Release|Any CPU.ActiveCfg = Release|Any CPU
		{5DE8DD42-CD77-48AF-86E9-593D9111459B}.Release|Any CPU.Build.0 = Release|Any CPU
	EndGlobalSection
	GlobalSection(SolutionProperties) = preSolution
		HideSolutionNode = FALSE
	EndGlobalSection
	GlobalSection(NestedProjects) = preSolution
		{C60FF2EE-8CB7-478D-A87F-2F685D8D84E6} = {02EA681E-C7D8-13C7-8484-4AC65E1B71E8}
		{D97D6167-2049-401B-8F25-B251732A606B} = {02EA681E-C7D8-13C7-8484-4AC65E1B71E8}
		{5DE8DD42-CD77-48AF-86E9-593D9111459B} = {02EA681E-C7D8-13C7-8484-4AC65E1B71E8}
	EndGlobalSection
	GlobalSection(ExtensibilityGlobals) = postSolution
		SolutionGuid = {83C9DF0C-BB0F-41D7-8A17-8F1EB1ABC3F6}
	EndGlobalSection
EndGlobal
