
Microsoft Visual Studio Solution File, Format Version 12.00
# Visual Studio Version 17
VisualStudioVersion = 17.14.36429.23 d17.14
MinimumVisualStudioVersion = 10.0.40219.1
Project("{2150E333-8FDC-42A3-9474-1A3956D46DE8}") = "Task0", "Task0", "{02EA681E-C7D8-13C7-8484-4AC65E1B71E8}"
EndProject
Project("{FAE04EC0-301F-11D3-BF4B-00C04F79EFBC}") = "Tyuiu.ZamyatinKP.Sprint1.Task0.V20", "Tyuiu.ZamyatinKP.Sprint1.Task0.V20\Tyuiu.ZamyatinKP.Sprint1.Task0.V20.csproj", "{C60FF2EE-8CB7-478D-A87F-2F685D8D84E6}"
EndProject
Project("{FAE04EC0-301F-11D3-BF4B-00C04F79EFBC}") = "Tyuiu.ZamyatinKP.Sprint1.Task0.V20.Test", "Tyuiu.ZamyatinKP.Sprint1.Task0.V20.Test\Tyuiu.ZamyatinKP.Sprint1.Task0.V20.Test.csproj", "{D97D6167-2049-401B-8F25-B251732A606B}"
EndProject
Project("{FAE04EC0-301F-11D3-BF4B-00C04F79EFBC}") = "Tyuiu.ZamyatinKP.Sprint1.Task0.V20.Lib", "Tyuiu.ZamyatinKP.Sprint1.Task0.V20.Lib\Tyuiu.ZamyatinKP.Sprint1.Task0.V20.Lib.csproj", "{5DE8DD42-CD77-48AF-86E9-593D9111459B}"
EndProject
Project("{2150E333-8FDC-42A3-9474-1A3956D46DE8}") = "Task1", "Task1", "{F5463EF5-B97A-43E2-9CB1-BABB3C4AB60B}"
EndProject
Project("{FAE04EC0-301F-11D3-BF4B-00C04F79EFBC}") = "Tyuiu.ZamyatinKP.Sprint1.Task1.V5", "Tyuiu.ZamyatinKP.Sprint1.Task1.V5\Tyuiu.ZamyatinKP.Sprint1.Task1.V5.csproj", "{E70AEB7A-E568-43B7-84EB-01EE5496771C}"
EndProject
Project("{FAE04EC0-301F-11D3-BF4B-00C04F79EFBC}") = "Tyuiu.ZamyatinKP.Sprint1.Task1.V5.Lib", "Tyuiu.ZamyatinKP.Sprint1.Task1.V5.Lib\Tyuiu.ZamyatinKP.Sprint1.Task1.V5.Lib.csproj", "{6DB83482-FBDF-4690-914C-0C990A49EF0B}"
EndProject
Project("{FAE04EC0-301F-11D3-BF4B-00C04F79EFBC}") = "Tyuiu.ZamyatinKP.Sprint1.Task1.V5.Test", "Tyuiu.ZamyatinKP.Sprint1.Task1.V5.Test\Tyuiu.ZamyatinKP.Sprint1.Task1.V5.Test.csproj", "{AEEA4C53-8B3D-4E27-AB80-2CFBD678D863}"
EndProject
Project("{2150E333-8FDC-42A3-9474-1A3956D46DE8}") = "Task2", "Task2", "{B7D28933-4898-4D5E-9044-558BF36E35D3}"
EndProject
Project("{FAE04EC0-301F-11D3-BF4B-00C04F79EFBC}") = "Tyuiu.ZamyatinKP.Sprint1.Task2.V29", "Tyuiu.ZamyatinKP.Sprint1.Task2.V29\Tyuiu.ZamyatinKP.Sprint1.Task2.V29.csproj", "{B012F923-1D36-4CA4-A82E-82A43B287624}"
EndProject
Project("{FAE04EC0-301F-11D3-BF4B-00C04F79EFBC}") = "Tyuiu.ZamyatinKP.Sprint1.Task2.V29.Lib", "Tyuiu.ZamyatinKP.Sprint1.Task2.V29.Lib\Tyuiu.ZamyatinKP.Sprint1.Task2.V29.Lib.csproj", "{9372F85A-9273-4388-AFD9-54661CB7FA4A}"
EndProject
Project("{FAE04EC0-301F-11D3-BF4B-00C04F79EFBC}") = "Tyuiu.ZamyatinKP.Sprint1.Task2.V29.Test", "Tyuiu.ZamyatinKP.Sprint1.Task2.V29.Test\Tyuiu.ZamyatinKP.Sprint1.Task2.V29.Test.csproj", "{22BB170F-2A1C-4965-B9E1-D7C68EB1C601}"
EndProject
Project("{2150E333-8FDC-42A3-9474-1A3956D46DE8}") = "Task3", "Task3", "{71BD822E-11EF-400E-AB56-715A0AF0E847}"
EndProject
Project("{FAE04EC0-301F-11D3-BF4B-00C04F79EFBC}") = "Tyuiu.ZamyatinKP.Sprint1.Task3.V13", "Tyuiu.ZamyatinKP.Sprint1.Task3.V13\Tyuiu.ZamyatinKP.Sprint1.Task3.V13.csproj", "{C63ACF4C-0D8F-4705-9AFC-3FAA0B0AD412}"
EndProject
Project("{FAE04EC0-301F-11D3-BF4B-00C04F79EFBC}") = "Tyuiu.ZamyatinKP.Sprint1.Task3.V13.Lib", "Tyuiu.ZamyatinKP.Sprint1.Task3.V13.Lib\Tyuiu.ZamyatinKP.Sprint1.Task3.V13.Lib.csproj", "{071FA1DB-297A-40AE-8A4D-873CA10B7E7B}"
EndProject
Project("{FAE04EC0-301F-11D3-BF4B-00C04F79EFBC}") = "Tyuiu.ZamyatinKP.Sprint1.Task3.V13.Test", "Tyuiu.ZamyatinKP.Sprint1.Task3.V13.Test\Tyuiu.ZamyatinKP.Sprint1.Task3.V13.Test.csproj", "{350FDC25-45E5-4534-8DE9-1F470F39049D}"
EndProject
Project("{2150E333-8FDC-42A3-9474-1A3956D46DE8}") = "Task5", "Task5", "{938C8B8B-04C9-46EF-8E0E-9A7132CDEBF3}"
EndProject
Project("{2150E333-8FDC-42A3-9474-1A3956D46DE8}") = "Task4", "Task4", "{5AFCBCC3-D9A1-4AF1-90BE-4EBD81FFA031}"
EndProject
Project("{FAE04EC0-301F-11D3-BF4B-00C04F79EFBC}") = "Tyuiu.ZamyatinKP.Sprint1.Task4.V16", "Tyuiu.ZamyatinKP.Sprint1.Task4.V16\Tyuiu.ZamyatinKP.Sprint1.Task4.V16.csproj", "{E190C302-8A85-435A-85E9-9E8379FF6CAC}"
EndProject
Project("{FAE04EC0-301F-11D3-BF4B-00C04F79EFBC}") = "Tyuiu.ZamyatinKP.Sprint1.Task4.V16.Lib", "Tyuiu.ZamyatinKP.Sprint1.Task4.V16.Lib\Tyuiu.ZamyatinKP.Sprint1.Task4.V16.Lib.csproj", "{151BF3A6-5BA3-404F-9804-6A72C2B00EEE}"
EndProject
Project("{FAE04EC0-301F-11D3-BF4B-00C04F79EFBC}") = "Tyuiu.ZamyatinKP.Sprint1.Task4.V16.Test", "Tyuiu.ZamyatinKP.Sprint1.Task4.V16.Test\Tyuiu.ZamyatinKP.Sprint1.Task4.V16.Test.csproj", "{A76ECEC4-4794-4F8D-A29C-3F0506D1C1BF}"
EndProject
Global
	GlobalSection(SolutionConfigurationPlatforms) = preSolution
		Debug|Any CPU = Debug|Any CPU
		Release|Any CPU = Release|Any CPU
	EndGlobalSection
	GlobalSection(ProjectConfigurationPlatforms) = postSolution
		{C60FF2EE-8CB7-478D-A87F-2F685D8D84E6}.Debug|Any CPU.ActiveCfg = Debug|Any CPU
		{C60FF2EE-8CB7-478D-A87F-2F685D8D84E6}.Debug|Any CPU.Build.0 = Debug|Any CPU
		{C60FF2EE-8CB7-478D-A87F-2F685D8D84E6}.Release|Any CPU.ActiveCfg = Release|Any CPU
		{C60FF2EE-8CB7-478D-A87F-2F685D8D84E6}.Release|Any CPU.Build.0 = Release|Any CPU
		{D97D6167-2049-401B-8F25-B251732A606B}.Debug|Any CPU.ActiveCfg = Debug|Any CPU
		{D97D6167-2049-401B-8F25-B251732A606B}.Debug|Any CPU.Build.0 = Debug|Any CPU
		{D97D6167-2049-401B-8F25-B251732A606B}.Release|Any CPU.ActiveCfg = Release|Any CPU
		{D97D6167-2049-401B-8F25-B251732A606B}.Release|Any CPU.Build.0 = Release|Any CPU
		{5DE8DD42-CD77-48AF-86E9-593D9111459B}.Debug|Any CPU.ActiveCfg = Debug|Any CPU
		{5DE8DD42-CD77-48AF-86E9-593D9111459B}.Debug|Any CPU.Build.0 = Debug|Any CPU
		{5DE8DD42-CD77-48AF-86E9-593D9111459B}.Release|Any CPU.ActiveCfg = Release|Any CPU
		{5DE8DD42-CD77-48AF-86E9-593D9111459B}.Release|Any CPU.Build.0 = Release|Any CPU
		{E70AEB7A-E568-43B7-84EB-01EE5496771C}.Debug|Any CPU.ActiveCfg = Debug|Any CPU
		{E70AEB7A-E568-43B7-84EB-01EE5496771C}.Debug|Any CPU.Build.0 = Debug|Any CPU
		{E70AEB7A-E568-43B7-84EB-01EE5496771C}.Release|Any CPU.ActiveCfg = Release|Any CPU
		{E70AEB7A-E568-43B7-84EB-01EE5496771C}.Release|Any CPU.Build.0 = Release|Any CPU
		{6DB83482-FBDF-4690-914C-0C990A49EF0B}.Debug|Any CPU.ActiveCfg = Debug|Any CPU
		{6DB83482-FBDF-4690-914C-0C990A49EF0B}.Debug|Any CPU.Build.0 = Debug|Any CPU
		{6DB83482-FBDF-4690-914C-0C990A49EF0B}.Release|Any CPU.ActiveCfg = Release|Any CPU
		{6DB83482-FBDF-4690-914C-0C990A49EF0B}.Release|Any CPU.Build.0 = Release|Any CPU
		{AEEA4C53-8B3D-4E27-AB80-2CFBD678D863}.Debug|Any CPU.ActiveCfg = Debug|Any CPU
		{AEEA4C53-8B3D-4E27-AB80-2CFBD678D863}.Debug|Any CPU.Build.0 = Debug|Any CPU
		{AEEA4C53-8B3D-4E27-AB80-2CFBD678D863}.Release|Any CPU.ActiveCfg = Release|Any CPU
		{AEEA4C53-8B3D-4E27-AB80-2CFBD678D863}.Release|Any CPU.Build.0 = Release|Any CPU
		{B012F923-1D36-4CA4-A82E-82A43B287624}.Debug|Any CPU.ActiveCfg = Debug|Any CPU
		{B012F923-1D36-4CA4-A82E-82A43B287624}.Debug|Any CPU.Build.0 = Debug|Any CPU
		{B012F923-1D36-4CA4-A82E-82A43B287624}.Release|Any CPU.ActiveCfg = Release|Any CPU
		{B012F923-1D36-4CA4-A82E-82A43B287624}.Release|Any CPU.Build.0 = Release|Any CPU
		{9372F85A-9273-4388-AFD9-54661CB7FA4A}.Debug|Any CPU.ActiveCfg = Debug|Any CPU
		{9372F85A-9273-4388-AFD9-54661CB7FA4A}.Debug|Any CPU.Build.0 = Debug|Any CPU
		{9372F85A-9273-4388-AFD9-54661CB7FA4A}.Release|Any CPU.ActiveCfg = Release|Any CPU
		{9372F85A-9273-4388-AFD9-54661CB7FA4A}.Release|Any CPU.Build.0 = Release|Any CPU
		{22BB170F-2A1C-4965-B9E1-D7C68EB1C601}.Debug|Any CPU.ActiveCfg = Debug|Any CPU
		{22BB170F-2A1C-4965-B9E1-D7C68EB1C601}.Debug|Any CPU.Build.0 = Debug|Any CPU
		{22BB170F-2A1C-4965-B9E1-D7C68EB1C601}.Release|Any CPU.ActiveCfg = Release|Any CPU
		{22BB170F-2A1C-4965-B9E1-D7C68EB1C601}.Release|Any CPU.Build.0 = Release|Any CPU
		{C63ACF4C-0D8F-4705-9AFC-3FAA0B0AD412}.Debug|Any CPU.ActiveCfg = Debug|Any CPU
		{C63ACF4C-0D8F-4705-9AFC-3FAA0B0AD412}.Debug|Any CPU.Build.0 = Debug|Any CPU
		{C63ACF4C-0D8F-4705-9AFC-3FAA0B0AD412}.Release|Any CPU.ActiveCfg = Release|Any CPU
		{C63ACF4C-0D8F-4705-9AFC-3FAA0B0AD412}.Release|Any CPU.Build.0 = Release|Any CPU
		{071FA1DB-297A-40AE-8A4D-873CA10B7E7B}.Debug|Any CPU.ActiveCfg = Debug|Any CPU
		{071FA1DB-297A-40AE-8A4D-873CA10B7E7B}.Debug|Any CPU.Build.0 = Debug|Any CPU
		{071FA1DB-297A-40AE-8A4D-873CA10B7E7B}.Release|Any CPU.ActiveCfg = Release|Any CPU
		{071FA1DB-297A-40AE-8A4D-873CA10B7E7B}.Release|Any CPU.Build.0 = Release|Any CPU
		{350FDC25-45E5-4534-8DE9-1F470F39049D}.Debug|Any CPU.ActiveCfg = Debug|Any CPU
		{350FDC25-45E5-4534-8DE9-1F470F39049D}.Debug|Any CPU.Build.0 = Debug|Any CPU
		{350FDC25-45E5-4534-8DE9-1F470F39049D}.Release|Any CPU.ActiveCfg = Release|Any CPU
		{350FDC25-45E5-4534-8DE9-1F470F39049D}.Release|Any CPU.Build.0 = Release|Any CPU
		{E190C302-8A85-435A-85E9-9E8379FF6CAC}.Debug|Any CPU.ActiveCfg = Debug|Any CPU
		{E190C302-8A85-435A-85E9-9E8379FF6CAC}.Debug|Any CPU.Build.0 = Debug|Any CPU
		{E190C302-8A85-435A-85E9-9E8379FF6CAC}.Release|Any CPU.ActiveCfg = Release|Any CPU
		{E190C302-8A85-435A-85E9-9E8379FF6CAC}.Release|Any CPU.Build.0 = Release|Any CPU
		{151BF3A6-5BA3-404F-9804-6A72C2B00EEE}.Debug|Any CPU.ActiveCfg = Debug|Any CPU
		{151BF3A6-5BA3-404F-9804-6A72C2B00EEE}.Debug|Any CPU.Build.0 = Debug|Any CPU
		{151BF3A6-5BA3-404F-9804-6A72C2B00EEE}.Release|Any CPU.ActiveCfg = Release|Any CPU
		{151BF3A6-5BA3-404F-9804-6A72C2B00EEE}.Release|Any CPU.Build.0 = Release|Any CPU
		{A76ECEC4-4794-4F8D-A29C-3F0506D1C1BF}.Debug|Any CPU.ActiveCfg = Debug|Any CPU
		{A76ECEC4-4794-4F8D-A29C-3F0506D1C1BF}.Debug|Any CPU.Build.0 = Debug|Any CPU
		{A76ECEC4-4794-4F8D-A29C-3F0506D1C1BF}.Release|Any CPU.ActiveCfg = Release|Any CPU
		{A76ECEC4-4794-4F8D-A29C-3F0506D1C1BF}.Release|Any CPU.Build.0 = Release|Any CPU
	EndGlobalSection
	GlobalSection(SolutionProperties) = preSolution
		HideSolutionNode = FALSE
	EndGlobalSection
	GlobalSection(NestedProjects) = preSolution
		{C60FF2EE-8CB7-478D-A87F-2F685D8D84E6} = {02EA681E-C7D8-13C7-8484-4AC65E1B71E8}
		{D97D6167-2049-401B-8F25-B251732A606B} = {02EA681E-C7D8-13C7-8484-4AC65E1B71E8}
		{5DE8DD42-CD77-48AF-86E9-593D9111459B} = {02EA681E-C7D8-13C7-8484-4AC65E1B71E8}
		{E70AEB7A-E568-43B7-84EB-01EE5496771C} = {F5463EF5-B97A-43E2-9CB1-BABB3C4AB60B}
		{6DB83482-FBDF-4690-914C-0C990A49EF0B} = {F5463EF5-B97A-43E2-9CB1-BABB3C4AB60B}
		{AEEA4C53-8B3D-4E27-AB80-2CFBD678D863} = {F5463EF5-B97A-43E2-9CB1-BABB3C4AB60B}
		{B012F923-1D36-4CA4-A82E-82A43B287624} = {B7D28933-4898-4D5E-9044-558BF36E35D3}
		{9372F85A-9273-4388-AFD9-54661CB7FA4A} = {B7D28933-4898-4D5E-9044-558BF36E35D3}
		{22BB170F-2A1C-4965-B9E1-D7C68EB1C601} = {B7D28933-4898-4D5E-9044-558BF36E35D3}
		{C63ACF4C-0D8F-4705-9AFC-3FAA0B0AD412} = {71BD822E-11EF-400E-AB56-715A0AF0E847}
		{071FA1DB-297A-40AE-8A4D-873CA10B7E7B} = {71BD822E-11EF-400E-AB56-715A0AF0E847}
		{350FDC25-45E5-4534-8DE9-1F470F39049D} = {71BD822E-11EF-400E-AB56-715A0AF0E847}
		{E190C302-8A85-435A-85E9-9E8379FF6CAC} = {5AFCBCC3-D9A1-4AF1-90BE-4EBD81FFA031}
		{151BF3A6-5BA3-404F-9804-6A72C2B00EEE} = {5AFCBCC3-D9A1-4AF1-90BE-4EBD81FFA031}
		{A76ECEC4-4794-4F8D-A29C-3F0506D1C1BF} = {5AFCBCC3-D9A1-4AF1-90BE-4EBD81FFA031}
	EndGlobalSection
	GlobalSection(ExtensibilityGlobals) = postSolution
		SolutionGuid = {83C9DF0C-BB0F-41D7-8A17-8F1EB1ABC3F6}
	EndGlobalSection
EndGlobal
